
Microsoft Visual Studio Solution File, Format Version 12.00
# Visual Studio 15
VisualStudioVersion = 15.0.26730.10
MinimumVisualStudioVersion = 10.0.40219.1
Project("{FAE04EC0-301F-11D3-BF4B-00C04F79EFBC}") = "FirstAppNetCore", "FirstAppNetCore\FirstAppNetCore.csproj", "{F548AAA9-92F7-4DCC-AC53-3E87C9BDAEEB}"
EndProject
Global
	GlobalSection(SolutionConfigurationPlatforms) = preSolution
		Debug|Any CPU = Debug|Any CPU
		Release|Any CPU = Release|Any CPU
	EndGlobalSection
	GlobalSection(ProjectConfigurationPlatforms) = postSolution
		{F548AAA9-92F7-4DCC-AC53-3E87C9BDAEEB}.Debug|Any CPU.ActiveCfg = Debug|Any CPU
		{F548AAA9-92F7-4DCC-AC53-3E87C9BDAEEB}.Debug|Any CPU.Build.0 = Debug|Any CPU
		{F548AAA9-92F7-4DCC-AC53-3E87C9BDAEEB}.Release|Any CPU.ActiveCfg = Release|Any CPU
		{F548AAA9-92F7-4DCC-AC53-3E87C9BDAEEB}.Release|Any CPU.Build.0 = Release|Any CPU
	EndGlobalSection
	GlobalSection(SolutionProperties) = preSolution
		HideSolutionNode = FALSE
	EndGlobalSection
	GlobalSection(ExtensibilityGlobals) = postSolution
		SolutionGuid = {8A432BA4-48A6-4E06-92FF-C6DF87BF2E90}
	EndGlobalSection
EndGlobal
